
Microsoft Visual Studio Solution File, Format Version 12.00
Project("{FAE04EC0-301F-11D3-BF4B-00C04F79EFBC}") = "MissTextChanger", "MissTextChanger\MissTextChanger.csproj", "{2E719091-25B1-4D2A-BC80-612B69453347}"
EndProject
Global
	GlobalSection(SolutionConfigurationPlatforms) = preSolution
		Debug|Any CPU = Debug|Any CPU
		Release|Any CPU = Release|Any CPU
	EndGlobalSection
	GlobalSection(ProjectConfigurationPlatforms) = postSolution
		{2E719091-25B1-4D2A-BC80-612B69453347}.Debug|Any CPU.ActiveCfg = Debug|Any CPU
		{2E719091-25B1-4D2A-BC80-612B69453347}.Debug|Any CPU.Build.0 = Debug|Any CPU
		{2E719091-25B1-4D2A-BC80-612B69453347}.Release|Any CPU.ActiveCfg = Release|Any CPU
		{2E719091-25B1-4D2A-BC80-612B69453347}.Release|Any CPU.Build.0 = Release|Any CPU
	EndGlobalSection
EndGlobal
